
Microsoft Visual Studio Solution File, Format Version 12.00
# Visual Studio Version 17
VisualStudioVersion = 17.2.32516.85
MinimumVisualStudioVersion = 10.0.40219.1
Project("{888888A0-9F3D-457C-B088-3A5042F75D52}") = "FlaskWebProject1", "FlaskWebProject1.pyproj", "{E786AAAB-DADE-45EB-BBF3-F55B33E538F4}"
EndProject
Global
	GlobalSection(SolutionConfigurationPlatforms) = preSolution
		Debug|Any CPU = Debug|Any CPU
		Release|Any CPU = Release|Any CPU
	EndGlobalSection
	GlobalSection(ProjectConfigurationPlatforms) = postSolution
		{E786AAAB-DADE-45EB-BBF3-F55B33E538F4}.Debug|Any CPU.ActiveCfg = Debug|Any CPU
		{E786AAAB-DADE-45EB-BBF3-F55B33E538F4}.Debug|Any CPU.Build.0 = Debug|Any CPU
		{E786AAAB-DADE-45EB-BBF3-F55B33E538F4}.Release|Any CPU.ActiveCfg = Release|Any CPU
		{E786AAAB-DADE-45EB-BBF3-F55B33E538F4}.Release|Any CPU.Build.0 = Release|Any CPU
	EndGlobalSection
	GlobalSection(SolutionProperties) = preSolution
		HideSolutionNode = FALSE
	EndGlobalSection
	GlobalSection(ExtensibilityGlobals) = postSolution
		SolutionGuid = {79AA0781-B9DD-44A4-84AF-21F37190625C}
	EndGlobalSection
EndGlobal
